
Microsoft Visual Studio Solution File, Format Version 12.00
Project("{FAE04EC0-301F-11D3-BF4B-00C04F79EFBC}") = "App", "App\App.csproj", "{43627CB8-B153-46C2-A49D-8A760DB53DF7}"
EndProject
Project("{FAE04EC0-301F-11D3-BF4B-00C04F79EFBC}") = "AppTests", "AppTests\AppTests.csproj", "{B988E016-CA98-40CB-B971-46ECD2C0EEB3}"
EndProject
Global
	GlobalSection(SolutionConfigurationPlatforms) = preSolution
		Debug|Any CPU = Debug|Any CPU
		Release|Any CPU = Release|Any CPU
	EndGlobalSection
	GlobalSection(ProjectConfigurationPlatforms) = postSolution
		{43627CB8-B153-46C2-A49D-8A760DB53DF7}.Debug|Any CPU.ActiveCfg = Debug|Any CPU
		{43627CB8-B153-46C2-A49D-8A760DB53DF7}.Debug|Any CPU.Build.0 = Debug|Any CPU
		{43627CB8-B153-46C2-A49D-8A760DB53DF7}.Release|Any CPU.ActiveCfg = Release|Any CPU
		{43627CB8-B153-46C2-A49D-8A760DB53DF7}.Release|Any CPU.Build.0 = Release|Any CPU
		{B988E016-CA98-40CB-B971-46ECD2C0EEB3}.Debug|Any CPU.ActiveCfg = Debug|Any CPU
		{B988E016-CA98-40CB-B971-46ECD2C0EEB3}.Debug|Any CPU.Build.0 = Debug|Any CPU
		{B988E016-CA98-40CB-B971-46ECD2C0EEB3}.Release|Any CPU.ActiveCfg = Release|Any CPU
		{B988E016-CA98-40CB-B971-46ECD2C0EEB3}.Release|Any CPU.Build.0 = Release|Any CPU
	EndGlobalSection
EndGlobal
